github.com/mdwhatcott/exec v1.1.0 h1:4QHfGFsVRIr95RBYjA+1PfOVbsCM3e2szgrwhC0VPbA=
github.com/mdwhatcott/exec v1.1.0/go.mod h1:AbVwQivocJEdGMuBkafu/n8AZ3t26iEyCLFsxXj4lgQ=
github.com/mdwhatcott/testing v1.3.0 h1:46EDnWggTiaqd7RlAacvLUxlp7+c75XheqmmuT+e4Ko=
github.com/mdwhatcott/testing v1.3.0/go.mod h1:qw9pmVND0BqPmN/DE1BtaVzIvmQcffQAY+DOpnZ3qMo=
github.com/mdwhatcott/tui/v2 v2.0.1 h1:c27zBR/CgrIE+0HhUrQJAf2L5Gf5pBAXM44HjgM6sf4=
github.com/mdwhatcott/tui/v2 v2.0.1/go.mod h1:yLs1o9ypHR2qQ5FQlOrBjQOMcFyp6z4k1GLv5JMtQ30=
